
Microsoft Visual Studio Solution File, Format Version 12.00
# Visual Studio Version 16
VisualStudioVersion = 16.0.28922.388
MinimumVisualStudioVersion = 10.0.40219.1
Project("{FAE04EC0-301F-11D3-BF4B-00C04F79EFBC}") = "QuadraticEquation", "QuadraticEquation\QuadraticEquation.csproj", "{A3870C0C-46AF-49AE-954C-BF18F85D5A18}"
EndProject
Global
	GlobalSection(SolutionConfigurationPlatforms) = preSolution
		Debug|Any CPU = Debug|Any CPU
		Release|Any CPU = Release|Any CPU
	EndGlobalSection
	GlobalSection(ProjectConfigurationPlatforms) = postSolution
		{A3870C0C-46AF-49AE-954C-BF18F85D5A18}.Debug|Any CPU.ActiveCfg = Debug|Any CPU
		{A3870C0C-46AF-49AE-954C-BF18F85D5A18}.Debug|Any CPU.Build.0 = Debug|Any CPU
		{A3870C0C-46AF-49AE-954C-BF18F85D5A18}.Release|Any CPU.ActiveCfg = Release|Any CPU
		{A3870C0C-46AF-49AE-954C-BF18F85D5A18}.Release|Any CPU.Build.0 = Release|Any CPU
	EndGlobalSection
	GlobalSection(SolutionProperties) = preSolution
		HideSolutionNode = FALSE
	EndGlobalSection
	GlobalSection(ExtensibilityGlobals) = postSolution
		SolutionGuid = {0935A308-FD8C-4454-B58C-4B79DBF048F2}
	EndGlobalSection
EndGlobal
